<Solution>
  <Project Path="PraktikaNORBIT_Collections/PraktikaNORBIT_Collections.csproj" Id="e899ceed-e980-4296-b969-abbfb5a8efa2" />
  <Project Path="PraktikaNORBIT_DataTypes_Zadanie1/PraktikaNORBIT_DataTypes_Zadanie1.csproj" Id="a9a9a484-033b-49ab-9a5f-f96d6edb4705" />
  <Project Path="PraktikaNORBIT_DataTypes_Zadanie2/PraktikaNORBIT_DataTypes_Zadanie2.csproj" Id="24714e8f-b42c-4bc1-8336-f1ef759e3745" />
  <Project Path="PraktikaNORBIT_OOP_Tema3/PraktikaNORBIT_OOP_Tema3.csproj" Id="6f813ce0-f6cb-42c5-8da2-bea9f8a68f7d" />
</Solution>
